{
  "name": "linter-glualint",
  "version": "0.9.0",
  "lockfileVersion": 1,
  "requires": true,
  "dependencies": {
    "atom-linter": {
      "version": "4.7.0",
      "resolved": "https://registry.npmjs.org/atom-linter/-/atom-linter-4.7.0.tgz",
      "integrity": "sha1-GjvF3a3umEAJThmAN/227BWaC6I=",
      "requires": {
        "named-js-regexp": "^1.3.1",
        "sb-exec": "^1.0.4",
        "sb-promisify": "^1.0.0",
        "tmp": "~0.0.28"
      }
    },
    "consistent-env": {
      "version": "1.3.1",
      "resolved": "https://registry.npmjs.org/consistent-env/-/consistent-env-1.3.1.tgz",
      "integrity": "sha1-9oI018afxt2WVviuI0Kc4EmbZfs=",
      "requires": {
        "lodash.uniq": "^4.5.0"
      }
    },
    "extify": {
      "version": "1.0.0",
      "resolved": "https://registry.npmjs.org/extify/-/extify-1.0.0.tgz",
      "integrity": "sha1-mXG7N8nuwWe/3yD3pHAMs7cp8E0="
    },
    "lodash.uniq": {
      "version": "4.5.0",
      "resolved": "https://registry.npmjs.org/lodash.uniq/-/lodash.uniq-4.5.0.tgz",
      "integrity": "sha1-0CJTc662Uq3BvILklFM5qEJ1R3M="
    },
    "named-js-regexp": {
      "version": "1.3.4",
      "resolved": "https://registry.npmjs.org/named-js-regexp/-/named-js-regexp-1.3.4.tgz",
      "integrity": "sha512-wvbB+afegWlmc3/bXd+S1DDLPGcyARWVvYCOntQwBRhKgwSZewk8zolExzyLrXT70xhFkmRYQGigXFaTgtHqjA=="
    },
    "os-tmpdir": {
      "version": "1.0.2",
      "resolved": "https://registry.npmjs.org/os-tmpdir/-/os-tmpdir-1.0.2.tgz",
      "integrity": "sha1-u+Z0BseaqFxc/sdm/lc0VV36EnQ="
    },
    "sb-exec": {
      "version": "1.0.5",
      "resolved": "https://registry.npmjs.org/sb-exec/-/sb-exec-1.0.5.tgz",
      "integrity": "sha1-o2djH0gYrnUyEwBzhjawO8039BE=",
      "requires": {
        "consistent-env": "^1.0.1",
        "extify": "^1.0.0",
        "sb-npm-path": "^1.0.0"
      }
    },
    "sb-memoize": {
      "version": "1.0.2",
      "resolved": "https://registry.npmjs.org/sb-memoize/-/sb-memoize-1.0.2.tgz",
      "integrity": "sha1-EoN1xi3bnMT/qQXQxaWXwZuurY4="
    },
    "sb-npm-path": {
      "version": "1.0.1",
      "resolved": "https://registry.npmjs.org/sb-npm-path/-/sb-npm-path-1.0.1.tgz",
      "integrity": "sha1-k5aH+pl9CWDREDBF6/scRnSvVpE=",
      "requires": {
        "sb-memoize": "^1.0.1",
        "sb-promisify": "^1.2.0"
      }
    },
    "sb-promisify": {
      "version": "1.3.0",
      "resolved": "https://registry.npmjs.org/sb-promisify/-/sb-promisify-1.3.0.tgz",
      "integrity": "sha1-Ovbx+p/8gz8U3oaRbu/B9VmxsFE="
    },
    "tmp": {
      "version": "0.0.33",
      "resolved": "https://registry.npmjs.org/tmp/-/tmp-0.0.33.tgz",
      "integrity": "sha512-jRCJlojKnZ3addtTOjdIqoRuPEKBvNXcGYqzO6zWZX8KfKEpnGY5jfggJQ3EjKuu8D4bJRr0y+cYJFmYbImXGw==",
      "requires": {
        "os-tmpdir": "~1.0.2"
      }
    }
  }
}
